<?xml version="1.0" encoding="utf-8"?>
<Project ToolsVersion="4.0" xmlns="http://schemas.microsoft.com/developer/msbuild/2003">
  <ItemGroup>
    <Filter Include="Source Files">
      <UniqueIdentifier>{4FC737F1-C7A5-4376-A066-2A32D752A2FF}</UniqueIdentifier>
      <Extensions>cpp;c;cc;cxx;def;odl;idl;hpj;bat;asm;asmx</Extensions>
    </Filter>
    <Filter Include="Header Files">
      <UniqueIdentifier>{93995380-89BD-4b04-88EB-625FBE52EBFB}</UniqueIdentifier>
      <Extensions>h;hh;hpp;hxx;hm;inl;inc;xsd</Extensions>
    </Filter>
    <Filter Include="Resource Files">
      <UniqueIdentifier>{67DA6AB6-F800-4c08-8B7A-83BB121AAD01}</UniqueIdentifier>
      <Extensions>rc;ico;cur;bmp;dlg;rc2;rct;bin;rgs;gif;jpg;jpeg;jpe;resx;tiff;tif;png;wav;mfcribbon-ms</Extensions>
    </Filter>
  </ItemGroup>
  <ItemGroup>
    <None Include="Shaders\Default.vert" />
    <None Include="Shaders\Default.frag" />
    <None Include="Binaries\ThirdParty\FreeImage\x64\FreeImage.dll" />
    <None Include="Binaries\ThirdParty\FreeImage\Win32\FreeImage.dll" />
  </ItemGroup>
  <ItemGroup>
    <ClInclude Include="Source\ThirdParty\FreeImage\FreeImage.h">
      <Filter>Header Files</Filter>
    </ClInclude>
    <ClInclude Include="Source\ThirdParty\OpenGL\GL\eglew.h">
      <Filter>Header Files</Filter>
    </ClInclude>
    <ClInclude Include="Source\ThirdParty\OpenGL\GL\glew.h">
      <Filter>Header Files</Filter>
    </ClInclude>
    <ClInclude Include="Source\ThirdParty\OpenGL\GL\glxew.h">
      <Filter>Header Files</Filter>
    </ClInclude>
    <ClInclude Include="Source\ThirdParty\OpenGL\GL\wglew.h">
      <Filter>Header Files</Filter>
    </ClInclude>
    <ClInclude Include="Source\ThirdParty\OpenGL\GLFW\glfw3.h">
      <Filter>Header Files</Filter>
    </ClInclude>
    <ClInclude Include="Source\ThirdParty\OpenGL\GLFW\glfw3native.h">
      <Filter>Header Files</Filter>
    </ClInclude>
    <ClInclude Include="Source\Runtime\Math\Vector.h">
      <Filter>Header Files</Filter>
    </ClInclude>
    <ClInclude Include="Source\Runtime\Math\Vector3.h">
      <Filter>Header Files</Filter>
    </ClInclude>
    <ClInclude Include="Source\Runtime\Math\Vector4.h">
      <Filter>Header Files</Filter>
    </ClInclude>
    <ClInclude Include="Source\Runtime\Math\Color.h">
      <Filter>Header Files</Filter>
    </ClInclude>
    <ClInclude Include="Source\Runtime\Math\Math.h">
      <Filter>Header Files</Filter>
    </ClInclude>
    <ClInclude Include="Source\Runtime\Math\Matrix.h">
      <Filter>Header Files</Filter>
    </ClInclude>
    <ClInclude Include="Source\Runtime\Collections\Array.h">
      <Filter>Header Files</Filter>
    </ClInclude>
    <ClInclude Include="Source\Runtime\Utils\File.h">
      <Filter>Header Files</Filter>
    </ClInclude>
    <ClInclude Include="Source\Runtime\Graphics\Vertex.h">
      <Filter>Header Files</Filter>
    </ClInclude>
    <ClInclude Include="Source\Runtime\Core\Config.h">
      <Filter>Header Files</Filter>
    </ClInclude>
    <ClInclude Include="Source\Runtime\Graphics\Shader.h">
      <Filter>Header Files</Filter>
    </ClInclude>
    <ClInclude Include="Source\Runtime\Graphics\Texture.h">
      <Filter>Header Files</Filter>
    </ClInclude>
    <ClInclude Include="Source\Runtime\Graphics\GameObject.h">
      <Filter>Header Files</Filter>
    </ClInclude>
    <ClInclude Include="Source\Runtime\Graphics\Camera.h">
      <Filter>Header Files</Filter>
    </ClInclude>
    <ClInclude Include="Source\Runtime\Graphics\Scene.h">
      <Filter>Header Files</Filter>
    </ClInclude>
    <ClInclude Include="Source\Runtime\Graphics\Renderer.h">
      <Filter>Header Files</Filter>
    </ClInclude>
    <ClInclude Include="Source\Runtime\Graphics\World.h">
      <Filter>Header Files</Filter>
    </ClInclude>
  </ItemGroup>
  <ItemGroup>
    <Library Include="Binaries\ThirdParty\FreeImage\x64\FreeImage.lib" />
    <Library Include="Binaries\ThirdParty\OpenGL\Win32\glew32.lib" />
    <Library Include="Binaries\ThirdParty\OpenGL\x64\glfw3.lib" />
    <Library Include="Binaries\ThirdParty\OpenGL\x64\glew32.lib" />
    <Library Include="Binaries\ThirdParty\OpenGL\Win32\glfw3.lib" />
    <Library Include="Binaries\ThirdParty\FreeImage\Win32\FreeImage.lib" />
  </ItemGroup>
  <ItemGroup>
    <ClCompile Include="Source\Runtime\Math\Math.cpp">
      <Filter>Source Files</Filter>
    </ClCompile>
    <ClCompile Include="Source\Runtime\Math\Matrix.cpp">
      <Filter>Source Files</Filter>
    </ClCompile>
    <ClCompile Include="Source\Runtime\Utils\File.cpp">
      <Filter>Source Files</Filter>
    </ClCompile>
    <ClCompile Include="Source\Runtime\Graphics\Shader.cpp">
      <Filter>Source Files</Filter>
    </ClCompile>
    <ClCompile Include="Source\Runtime\Graphics\Texture.cpp">
      <Filter>Source Files</Filter>
    </ClCompile>
    <ClCompile Include="Source\Runtime\Graphics\GameObject.cpp">
      <Filter>Source Files</Filter>
    </ClCompile>
    <ClCompile Include="Source\Runtime\Graphics\Camera.cpp">
      <Filter>Source Files</Filter>
    </ClCompile>
    <ClCompile Include="Source\Runtime\Graphics\Scene.cpp">
      <Filter>Source Files</Filter>
    </ClCompile>
    <ClCompile Include="Source\Runtime\Graphics\Renderer.cpp">
      <Filter>Source Files</Filter>
    </ClCompile>
    <ClCompile Include="Source\Runtime\Graphics\World.cpp">
      <Filter>Source Files</Filter>
    </ClCompile>
  </ItemGroup>
</Project>